Microsoft Visual Studio Solution File, Format Version 12.00
# Visual Studio 2012
Project("{FAE04EC0-301F-11D3-BF4B-00C04F79EFBC}") = "GodotMonoCore", "GodotMonoCore.csproj", "{4C4B72D0-908A-43FE-8ED7-D6697B67B7CA}"
EndProject
Global
	GlobalSection(SolutionConfigurationPlatforms) = preSolution
	Debug|Any CPU = Debug|Any CPU
	ExportDebug|Any CPU = ExportDebug|Any CPU
	ExportRelease|Any CPU = ExportRelease|Any CPU
	EndGlobalSection
	GlobalSection(ProjectConfigurationPlatforms) = postSolution
		{4C4B72D0-908A-43FE-8ED7-D6697B67B7CA}.Debug|Any CPU.ActiveCfg = Debug|Any CPU
		{4C4B72D0-908A-43FE-8ED7-D6697B67B7CA}.Debug|Any CPU.Build.0 = Debug|Any CPU
		{4C4B72D0-908A-43FE-8ED7-D6697B67B7CA}.ExportDebug|Any CPU.ActiveCfg = ExportDebug|Any CPU
		{4C4B72D0-908A-43FE-8ED7-D6697B67B7CA}.ExportDebug|Any CPU.Build.0 = ExportDebug|Any CPU
		{4C4B72D0-908A-43FE-8ED7-D6697B67B7CA}.ExportRelease|Any CPU.ActiveCfg = ExportRelease|Any CPU
		{4C4B72D0-908A-43FE-8ED7-D6697B67B7CA}.ExportRelease|Any CPU.Build.0 = ExportRelease|Any CPU
	EndGlobalSection
EndGlobal
